// !$*UTF8*$!
{
	archiveVersion = 1;
	classes = {
	};
	objectVersion = 46;
	objects = {

/* Begin PBXBuildFile section */
		187B367A1DE5DA450067D0BF /* main.m in Sources */ = {isa = PBXBuildFile; fileRef = 187B36791DE5DA450067D0BF /* main.m */; };
		187B367D1DE5DA450067D0BF /* AppDelegate.m in Sources */ = {isa = PBXBuildFile; fileRef = 187B367C1DE5DA450067D0BF /* AppDelegate.m */; };
		187B36801DE5DA450067D0BF /* ViewController.m in Sources */ = {isa = PBXBuildFile; fileRef = 187B367F1DE5DA450067D0BF /* ViewController.m */; };
		187B36831DE5DA450067D0BF /* Main.storyboard in Resources */ = {isa = PBXBuildFile; fileRef = 187B36811DE5DA450067D0BF /* Main.storyboard */; };
		187B36851DE5DA450067D0BF /* Assets.xcassets in Resources */ = {isa = PBXBuildFile; fileRef = 187B36841DE5DA450067D0BF /* Assets.xcassets */; };
		187B36931DE5DA450067D0BF /* CAKeyframeAnimation________Tests.m in Sources */ = {isa = PBXBuildFile; fileRef = 187B36921DE5DA450067D0BF /* CAKeyframeAnimation________Tests.m */; };
/* End PBXBuildFile section */

/* Begin PBXContainerItemProxy section */
		187B368F1DE5DA450067D0BF /* PBXContainerItemProxy */ = {
			isa = PBXContainerItemProxy;
			containerPortal = 187B366D1DE5DA450067D0BF /* Project object */;
			proxyType = 1;
			remoteGlobalIDString = 187B36741DE5DA450067D0BF;
			remoteInfo = "CAKeyframeAnimation（图标抖动动画）";
		};
/* End PBXContainerItemProxy section */

/* Begin PBXFileReference section */
		187B36751DE5DA450067D0BF /* CAKeyframeAnimation（图标抖动动画）.app */ = {isa = PBXFileReference; explicitFileType = wrapper.application; includeInIndex = 0; path = "CAKeyframeAnimation（图标抖动动画）.app"; sourceTree = BUILT_PRODUCTS_DIR; };
		187B36791DE5DA450067D0BF /* main.m */ = {isa = PBXFileReference; lastKnownFileType = sourcecode.c.objc; path = main.m; sourceTree = "<group>"; };
		187B367B1DE5DA450067D0BF /* AppDelegate.h */ = {isa = PBXFileReference; lastKnownFileType = sourcecode.c.h; path = AppDelegate.h; sourceTree = "<group>"; };
		187B367C1DE5DA450067D0BF /* AppDelegate.m */ = {isa = PBXFileReference; lastKnownFileType = sourcecode.c.objc; path = AppDelegate.m; sourceTree = "<group>"; };
		187B367E1DE5DA450067D0BF /* ViewController.h */ = {isa = PBXFileReference; lastKnownFileType = sourcecode.c.h; path = ViewController.h; sourceTree = "<group>"; };
		187B367F1DE5DA450067D0BF /* ViewController.m */ = {isa = PBXFileReference; lastKnownFileType = sourcecode.c.objc; path = ViewController.m; sourceTree = "<group>"; };
		187B36821DE5DA450067D0BF /* Base */ = {isa = PBXFileReference; lastKnownFileType = file.storyboard; name = Base; path = Base.lproj/Main.storyboard; sourceTree = "<group>"; };
		187B36841DE5DA450067D0BF /* Assets.xcassets */ = {isa = PBXFileReference; lastKnownFileType = folder.assetcatalog; path = Assets.xcassets; sourceTree = "<group>"; };
		187B36891DE5DA450067D0BF /* Info.plist */ = {isa = PBXFileReference; lastKnownFileType = text.plist.xml; path = Info.plist; sourceTree = "<group>"; };
		187B368E1DE5DA450067D0BF /* CAKeyframeAnimation（图标抖动动画）Tests.xctest */ = {isa = PBXFileReference; explicitFileType = wrapper.cfbundle; includeInIndex = 0; path = "CAKeyframeAnimation（图标抖动动画）Tests.xctest"; sourceTree = BUILT_PRODUCTS_DIR; };
		187B36921DE5DA450067D0BF /* CAKeyframeAnimation________Tests.m */ = {isa = PBXFileReference; lastKnownFileType = sourcecode.c.objc; path = "CAKeyframeAnimation________Tests.m"; sourceTree = "<group>"; };
		187B36941DE5DA450067D0BF /* Info.plist */ = {isa = PBXFileReference; lastKnownFileType = text.plist.xml; path = Info.plist; sourceTree = "<group>"; };
/* End PBXFileReference section */

/* Begin PBXFrameworksBuildPhase section */
		187B36721DE5DA450067D0BF /* Frameworks */ = {
			isa = PBXFrameworksBuildPhase;
			buildActionMask = 2147483647;
			files = (
			);
			runOnlyForDeploymentPostprocessing = 0;
		};
		187B368B1DE5DA450067D0BF /* Frameworks */ = {
			isa = PBXFrameworksBuildPhase;
			buildActionMask = 2147483647;
			files = (
			);
			runOnlyForDeploymentPostprocessing = 0;
		};
/* End PBXFrameworksBuildPhase section */

/* Begin PBXGroup section */
		187B366C1DE5DA450067D0BF = {
			isa = PBXGroup;
			children = (
				187B36771DE5DA450067D0BF /* CAKeyframeAnimation（图标抖动动画） */,
				187B36911DE5DA450067D0BF /* CAKeyframeAnimation（图标抖动动画）Tests */,
				187B36761DE5DA450067D0BF /* Products */,
			);
			sourceTree = "<group>";
		};
		187B36761DE5DA450067D0BF /* Products */ = {
			isa = PBXGroup;
			children = (
				187B36751DE5DA450067D0BF /* CAKeyframeAnimation（图标抖动动画）.app */,
				187B368E1DE5DA450067D0BF /* CAKeyframeAnimation（图标抖动动画）Tests.xctest */,
			);
			name = Products;
			sourceTree = "<group>";
		};
		187B36771DE5DA450067D0BF /* CAKeyframeAnimation（图标抖动动画） */ = {
			isa = PBXGroup;
			children = (
				187B367B1DE5DA450067D0BF /* AppDelegate.h */,
				187B367C1DE5DA450067D0BF /* AppDelegate.m */,
				187B367E1DE5DA450067D0BF /* ViewController.h */,
				187B367F1DE5DA450067D0BF /* ViewController.m */,
				187B36811DE5DA450067D0BF /* Main.storyboard */,
				187B36841DE5DA450067D0BF /* Assets.xcassets */,
				187B36891DE5DA450067D0BF /* Info.plist */,
				187B36781DE5DA450067D0BF /* Supporting Files */,
			);
			path = "CAKeyframeAnimation（图标抖动动画）";
			sourceTree = "<group>";
		};
		187B36781DE5DA450067D0BF /* Supporting Files */ = {
			isa = PBXGroup;
			children = (
				187B36791DE5DA450067D0BF /* main.m */,
			);
			name = "Supporting Files";
			sourceTree = "<group>";
		};
		187B36911DE5DA450067D0BF /* CAKeyframeAnimation（图标抖动动画）Tests */ = {
			isa = PBXGroup;
			children = (
				187B36921DE5DA450067D0BF /* CAKeyframeAnimation________Tests.m */,
				187B36941DE5DA450067D0BF /* Info.plist */,
			);
			path = "CAKeyframeAnimation（图标抖动动画）Tests";
			sourceTree = "<group>";
		};
/* End PBXGroup section */

/* Begin PBXNativeTarget section */
		187B36741DE5DA450067D0BF /* CAKeyframeAnimation（图标抖动动画） */ = {
			isa = PBXNativeTarget;
			buildConfigurationList = 187B36971DE5DA450067D0BF /* Build configuration list for PBXNativeTarget "CAKeyframeAnimation（图标抖动动画）" */;
			buildPhases = (
				187B36711DE5DA450067D0BF /* Sources */,
				187B36721DE5DA450067D0BF /* Frameworks */,
				187B36731DE5DA450067D0BF /* Resources */,
			);
			buildRules = (
			);
			dependencies = (
			);
			name = "CAKeyframeAnimation（图标抖动动画）";
			productName = "CAKeyframeAnimation（图标抖动动画）";
			productReference = 187B36751DE5DA450067D0BF /* CAKeyframeAnimation（图标抖动动画）.app */;
			productType = "com.apple.product-type.application";
		};
		187B368D1DE5DA450067D0BF /* CAKeyframeAnimation（图标抖动动画）Tests */ = {
			isa = PBXNativeTarget;
			buildConfigurationList = 187B369A1DE5DA450067D0BF /* Build configuration list for PBXNativeTarget "CAKeyframeAnimation（图标抖动动画）Tests" */;
			buildPhases = (
				187B368A1DE5DA450067D0BF /* Sources */,
				187B368B1DE5DA450067D0BF /* Frameworks */,
				187B368C1DE5DA450067D0BF /* Resources */,
			);
			buildRules = (
			);
			dependencies = (
				187B36901DE5DA450067D0BF /* PBXTargetDependency */,
			);
			name = "CAKeyframeAnimation（图标抖动动画）Tests";
			productName = "CAKeyframeAnimation（图标抖动动画）Tests";
			productReference = 187B368E1DE5DA450067D0BF /* CAKeyframeAnimation（图标抖动动画）Tests.xctest */;
			productType = "com.apple.product-type.bundle.unit-test";
		};
/* End PBXNativeTarget section */

/* Begin PBXProject section */
		187B366D1DE5DA450067D0BF /* Project object */ = {
			isa = PBXProject;
			attributes = {
				LastUpgradeCheck = 0810;
				ORGANIZATIONNAME = apple;
				TargetAttributes = {
					187B36741DE5DA450067D0BF = {
						CreatedOnToolsVersion = 8.1;
						ProvisioningStyle = Automatic;
					};
					187B368D1DE5DA450067D0BF = {
						CreatedOnToolsVersion = 8.1;
						ProvisioningStyle = Automatic;
						TestTargetID = 187B36741DE5DA450067D0BF;
					};
				};
			};
			buildConfigurationList = 187B36701DE5DA450067D0BF /* Build configuration list for PBXProject "CAKeyframeAnimation（图标抖动动画）" */;
			compatibilityVersion = "Xcode 3.2";
			developmentRegion = English;
			hasScannedForEncodings = 0;
			knownRegions = (
				en,
				Base,
			);
			mainGroup = 187B366C1DE5DA450067D0BF;
			productRefGroup = 187B36761DE5DA450067D0BF /* Products */;
			projectDirPath = "";
			projectRoot = "";
			targets = (
				187B36741DE5DA450067D0BF /* CAKeyframeAnimation（图标抖动动画） */,
				187B368D1DE5DA450067D0BF /* CAKeyframeAnimation（图标抖动动画）Tests */,
			);
		};
/* End PBXProject section */

/* Begin PBXResourcesBuildPhase section */
		187B36731DE5DA450067D0BF /* Resources */ = {
			isa = PBXResourcesBuildPhase;
			buildActionMask = 2147483647;
			files = (
				187B36851DE5DA450067D0BF /* Assets.xcassets in Resources */,
				187B36831DE5DA450067D0BF /* Main.storyboard in Resources */,
			);
			runOnlyForDeploymentPostprocessing = 0;
		};
		187B368C1DE5DA450067D0BF /* Resources */ = {
			isa = PBXResourcesBuildPhase;
			buildActionMask = 2147483647;
			files = (
			);
			runOnlyForDeploymentPostprocessing = 0;
		};
/* End PBXResourcesBuildPhase section */

/* Begin PBXSourcesBuildPhase section */
		187B36711DE5DA450067D0BF /* Sources */ = {
			isa = PBXSourcesBuildPhase;
			buildActionMask = 2147483647;
			files = (
				187B36801DE5DA450067D0BF /* ViewController.m in Sources */,
				187B367D1DE5DA450067D0BF /* AppDelegate.m in Sources */,
				187B367A1DE5DA450067D0BF /* main.m in Sources */,
			);
			runOnlyForDeploymentPostprocessing = 0;
		};
		187B368A1DE5DA450067D0BF /* Sources */ = {
			isa = PBXSourcesBuildPhase;
			buildActionMask = 2147483647;
			files = (
				187B36931DE5DA450067D0BF /* CAKeyframeAnimation________Tests.m in Sources */,
			);
			runOnlyForDeploymentPostprocessing = 0;
		};
/* End PBXSourcesBuildPhase section */

/* Begin PBXTargetDependency section */
		187B36901DE5DA450067D0BF /* PBXTargetDependency */ = {
			isa = PBXTargetDependency;
			target = 187B36741DE5DA450067D0BF /* CAKeyframeAnimation（图标抖动动画） */;
			targetProxy = 187B368F1DE5DA450067D0BF /* PBXContainerItemProxy */;
		};
/* End PBXTargetDependency section */

/* Begin PBXVariantGroup section */
		187B36811DE5DA450067D0BF /* Main.storyboard */ = {
			isa = PBXVariantGroup;
			children = (
				187B36821DE5DA450067D0BF /* Base */,
			);
			name = Main.storyboard;
			sourceTree = "<group>";
		};
/* End PBXVariantGroup section */

/* Begin XCBuildConfiguration section */
		187B36951DE5DA450067D0BF /* Debug */ = {
			isa = XCBuildConfiguration;
			buildSettings = {
				ALWAYS_SEARCH_USER_PATHS = NO;
				CLANG_ANALYZER_NONNULL = YES;
				CLANG_CXX_LANGUAGE_STANDARD = "gnu++0x";
				CLANG_CXX_LIBRARY = "libc++";
				CLANG_ENABLE_MODULES = YES;
				CLANG_ENABLE_OBJC_ARC = YES;
				CLANG_WARN_BOOL_CONVERSION = YES;
				CLANG_WARN_CONSTANT_CONVERSION = YES;
				CLANG_WARN_DIRECT_OBJC_ISA_USAGE = YES_ERROR;
				CLANG_WARN_DOCUMENTATION_COMMENTS = YES;
				CLANG_WARN_EMPTY_BODY = YES;
				CLANG_WARN_ENUM_CONVERSION = YES;
				CLANG_WARN_INFINITE_RECURSION = YES;
				CLANG_WARN_INT_CONVERSION = YES;
				CLANG_WARN_OBJC_ROOT_CLASS = YES_ERROR;
				CLANG_WARN_SUSPICIOUS_MOVES = YES;
				CLANG_WARN_UNREACHABLE_CODE = YES;
				CLANG_WARN__DUPLICATE_METHOD_MATCH = YES;
				"CODE_SIGN_IDENTITY[sdk=iphoneos*]" = "iPhone Developer";
				COPY_PHASE_STRIP = NO;
				DEBUG_INFORMATION_FORMAT = dwarf;
				ENABLE_STRICT_OBJC_MSGSEND = YES;
				ENABLE_TESTABILITY = YES;
				GCC_C_LANGUAGE_STANDARD = gnu99;
				GCC_DYNAMIC_NO_PIC = NO;
				GCC_NO_COMMON_BLOCKS = YES;
				GCC_OPTIMIZATION_LEVEL = 0;
				GCC_PREPROCESSOR_DEFINITIONS = (
					"DEBUG=1",
					"$(inherited)",
				);
				GCC_WARN_64_TO_32_BIT_CONVERSION = YES;
				GCC_WARN_ABOUT_RETURN_TYPE = YES_ERROR;
				GCC_WARN_UNDECLARED_SELECTOR = YES;
				GCC_WARN_UNINITIALIZED_AUTOS = YES_AGGRESSIVE;
				GCC_WARN_UNUSED_FUNCTION = YES;
				GCC_WARN_UNUSED_VARIABLE = YES;
				IPHONEOS_DEPLOYMENT_TARGET = 10.1;
				MTL_ENABLE_DEBUG_INFO = YES;
				ONLY_ACTIVE_ARCH = YES;
				SDKROOT = iphoneos;
			};
			name = Debug;
		};
		187B36961DE5DA450067D0BF /* Release */ = {
			isa = XCBuildConfiguration;
			buildSettings = {
				ALWAYS_SEARCH_USER_PATHS = NO;
				CLANG_ANALYZER_NONNULL = YES;
				CLANG_CXX_LANGUAGE_STANDARD = "gnu++0x";
				CLANG_CXX_LIBRARY = "libc++";
				CLANG_ENABLE_MODULES = YES;
				CLANG_ENABLE_OBJC_ARC = YES;
				CLANG_WARN_BOOL_CONVERSION = YES;
				CLANG_WARN_CONSTANT_CONVERSION = YES;
				CLANG_WARN_DIRECT_OBJC_ISA_USAGE = YES_ERROR;
				CLANG_WARN_DOCUMENTATION_COMMENTS = YES;
				CLANG_WARN_EMPTY_BODY = YES;
				CLANG_WARN_ENUM_CONVERSION = YES;
				CLANG_WARN_INFINITE_RECURSION = YES;
				CLANG_WARN_INT_CONVERSION = YES;
				CLANG_WARN_OBJC_ROOT_CLASS = YES_ERROR;
				CLANG_WARN_SUSPICIOUS_MOVES = YES;
				CLANG_WARN_UNREACHABLE_CODE = YES;
				CLANG_WARN__DUPLICATE_METHOD_MATCH = YES;
				"CODE_SIGN_IDENTITY[sdk=iphoneos*]" = "iPhone Developer";
				COPY_PHASE_STRIP = NO;
				DEBUG_INFORMATION_FORMAT = "dwarf-with-dsym";
				ENABLE_NS_ASSERTIONS = NO;
				ENABLE_STRICT_OBJC_MSGSEND = YES;
				GCC_C_LANGUAGE_STANDARD = gnu99;
				GCC_NO_COMMON_BLOCKS = YES;
				GCC_WARN_64_TO_32_BIT_CONVERSION = YES;
				GCC_WARN_ABOUT_RETURN_TYPE = YES_ERROR;
				GCC_WARN_UNDECLARED_SELECTOR = YES;
				GCC_WARN_UNINITIALIZED_AUTOS = YES_AGGRESSIVE;
				GCC_WARN_UNUSED_FUNCTION = YES;
				GCC_WARN_UNUSED_VARIABLE = YES;
				IPHONEOS_DEPLOYMENT_TARGET = 10.1;
				MTL_ENABLE_DEBUG_INFO = NO;
				SDKROOT = iphoneos;
				VALIDATE_PRODUCT = YES;
			};
			name = Release;
		};
		187B36981DE5DA450067D0BF /* Debug */ = {
			isa = XCBuildConfiguration;
			buildSettings = {
				ASSETCATALOG_COMPILER_APPICON_NAME = AppIcon;
				INFOPLIST_FILE = "CAKeyframeAnimation（图标抖动动画）/Info.plist";
				LD_RUNPATH_SEARCH_PATHS = "$(inherited) @executable_path/Frameworks";
				PRODUCT_BUNDLE_IDENTIFIER = "cn.sunco.CAKeyframeAnimation--------";
				PRODUCT_NAME = "$(TARGET_NAME)";
			};
			name = Debug;
		};
		187B36991DE5DA450067D0BF /* Release */ = {
			isa = XCBuildConfiguration;
			buildSettings = {
				ASSETCATALOG_COMPILER_APPICON_NAME = AppIcon;
				INFOPLIST_FILE = "CAKeyframeAnimation（图标抖动动画）/Info.plist";
				LD_RUNPATH_SEARCH_PATHS = "$(inherited) @executable_path/Frameworks";
				PRODUCT_BUNDLE_IDENTIFIER = "cn.sunco.CAKeyframeAnimation--------";
				PRODUCT_NAME = "$(TARGET_NAME)";
			};
			name = Release;
		};
		187B369B1DE5DA450067D0BF /* Debug */ = {
			isa = XCBuildConfiguration;
			buildSettings = {
				BUNDLE_LOADER = "$(TEST_HOST)";
				INFOPLIST_FILE = "CAKeyframeAnimation（图标抖动动画）Tests/Info.plist";
				LD_RUNPATH_SEARCH_PATHS = "$(inherited) @executable_path/Frameworks @loader_path/Frameworks";
				PRODUCT_BUNDLE_IDENTIFIER = "cn.sunco.CAKeyframeAnimation--------Tests";
				PRODUCT_NAME = "$(TARGET_NAME)";
				TEST_HOST = "$(BUILT_PRODUCTS_DIR)/CAKeyframeAnimation（图标抖动动画）.app/CAKeyframeAnimation（图标抖动动画）";
			};
			name = Debug;
		};
		187B369C1DE5DA450067D0BF /* Release */ = {
			isa = XCBuildConfiguration;
			buildSettings = {
				BUNDLE_LOADER = "$(TEST_HOST)";
				INFOPLIST_FILE = "CAKeyframeAnimation（图标抖动动画）Tests/Info.plist";
				LD_RUNPATH_SEARCH_PATHS = "$(inherited) @executable_path/Frameworks @loader_path/Frameworks";
				PRODUCT_BUNDLE_IDENTIFIER = "cn.sunco.CAKeyframeAnimation--------Tests";
				PRODUCT_NAME = "$(TARGET_NAME)";
				TEST_HOST = "$(BUILT_PRODUCTS_DIR)/CAKeyframeAnimation（图标抖动动画）.app/CAKeyframeAnimation（图标抖动动画）";
			};
			name = Release;
		};
/* End XCBuildConfiguration section */

/* Begin XCConfigurationList section */
		187B36701DE5DA450067D0BF /* Build configuration list for PBXProject "CAKeyframeAnimation（图标抖动动画）" */ = {
			isa = XCConfigurationList;
			buildConfigurations = (
				187B36951DE5DA450067D0BF /* Debug */,
				187B36961DE5DA450067D0BF /* Release */,
			);
			defaultConfigurationIsVisible = 0;
			defaultConfigurationName = Release;
		};
		187B36971DE5DA450067D0BF /* Build configuration list for PBXNativeTarget "CAKeyframeAnimation（图标抖动动画）" */ = {
			isa = XCConfigurationList;
			buildConfigurations = (
				187B36981DE5DA450067D0BF /* Debug */,
				187B36991DE5DA450067D0BF /* Release */,
			);
			defaultConfigurationIsVisible = 0;
		};
		187B369A1DE5DA450067D0BF /* Build configuration list for PBXNativeTarget "CAKeyframeAnimation（图标抖动动画）Tests" */ = {
			isa = XCConfigurationList;
			buildConfigurations = (
				187B369B1DE5DA450067D0BF /* Debug */,
				187B369C1DE5DA450067D0BF /* Release */,
			);
			defaultConfigurationIsVisible = 0;
		};
/* End XCConfigurationList section */
	};
	rootObject = 187B366D1DE5DA450067D0BF /* Project object */;
}
